
Microsoft Visual Studio Solution File, Format Version 12.00
Project("{FAE04EC0-301F-11D3-BF4B-00C04F79EFBC}") = "VIDconnectBackend", "VIDconnectBackend\VIDconnectBackend.csproj", "{5F7CD619-6FDB-4B0C-ACEC-C5281EB94FD6}"
EndProject
Project("{FAE04EC0-301F-11D3-BF4B-00C04F79EFBC}") = "VIDconnectSdk", "VIDconnectSdk\VIDconnectSdk.csproj", "{83410330-1F73-4540-A2ED-415CAB1F0482}"
EndProject
Global
	GlobalSection(SolutionConfigurationPlatforms) = preSolution
		Debug|Any CPU = Debug|Any CPU
		Release|Any CPU = Release|Any CPU
	EndGlobalSection
	GlobalSection(ProjectConfigurationPlatforms) = postSolution
		{5F7CD619-6FDB-4B0C-ACEC-C5281EB94FD6}.Debug|Any CPU.ActiveCfg = Debug|Any CPU
		{5F7CD619-6FDB-4B0C-ACEC-C5281EB94FD6}.Debug|Any CPU.Build.0 = Debug|Any CPU
		{5F7CD619-6FDB-4B0C-ACEC-C5281EB94FD6}.Release|Any CPU.ActiveCfg = Release|Any CPU
		{5F7CD619-6FDB-4B0C-ACEC-C5281EB94FD6}.Release|Any CPU.Build.0 = Release|Any CPU
		{83410330-1F73-4540-A2ED-415CAB1F0482}.Debug|Any CPU.ActiveCfg = Debug|Any CPU
		{83410330-1F73-4540-A2ED-415CAB1F0482}.Debug|Any CPU.Build.0 = Debug|Any CPU
		{83410330-1F73-4540-A2ED-415CAB1F0482}.Release|Any CPU.ActiveCfg = Release|Any CPU
		{83410330-1F73-4540-A2ED-415CAB1F0482}.Release|Any CPU.Build.0 = Release|Any CPU
	EndGlobalSection
EndGlobal
